
Microsoft Visual Studio Solution File, Format Version 12.00
# Visual Studio Version 17
VisualStudioVersion = 17.9.34723.18
MinimumVisualStudioVersion = 10.0.40219.1
Project("{FAE04EC0-301F-11D3-BF4B-00C04F79EFBC}") = "GabrielShop", "GabrielShop\GabrielShop.csproj", "{0646F1CC-A6AB-44BD-B1C3-1F810A7342DE}"
EndProject
Global
	GlobalSection(SolutionConfigurationPlatforms) = preSolution
		Debug|Any CPU = Debug|Any CPU
		Release|Any CPU = Release|Any CPU
	EndGlobalSection
	GlobalSection(ProjectConfigurationPlatforms) = postSolution
		{0646F1CC-A6AB-44BD-B1C3-1F810A7342DE}.Debug|Any CPU.ActiveCfg = Debug|Any CPU
		{0646F1CC-A6AB-44BD-B1C3-1F810A7342DE}.Debug|Any CPU.Build.0 = Debug|Any CPU
		{0646F1CC-A6AB-44BD-B1C3-1F810A7342DE}.Release|Any CPU.ActiveCfg = Release|Any CPU
		{0646F1CC-A6AB-44BD-B1C3-1F810A7342DE}.Release|Any CPU.Build.0 = Release|Any CPU
	EndGlobalSection
	GlobalSection(SolutionProperties) = preSolution
		HideSolutionNode = FALSE
	EndGlobalSection
	GlobalSection(ExtensibilityGlobals) = postSolution
		SolutionGuid = {C2A514A0-FBA1-49BB-B4E5-CA2BB40AA888}
	EndGlobalSection
EndGlobal
